
Microsoft Visual Studio Solution File, Format Version 12.00
# Visual Studio 15
VisualStudioVersion = 15.0.28307.421
MinimumVisualStudioVersion = 10.0.40219.1
Project("{FAE04EC0-301F-11D3-BF4B-00C04F79EFBC}") = "UIExplorer", "UIExplorer.csproj", "{72C720F5-C947-4908-9ABC-BF9CB0A55725}"
EndProject
Global
	GlobalSection(SolutionConfigurationPlatforms) = preSolution
		Debug|Any CPU = Debug|Any CPU
		Release|Any CPU = Release|Any CPU
	EndGlobalSection
	GlobalSection(ProjectConfigurationPlatforms) = postSolution
		{72C720F5-C947-4908-9ABC-BF9CB0A55725}.Debug|Any CPU.ActiveCfg = Debug|Any CPU
		{72C720F5-C947-4908-9ABC-BF9CB0A55725}.Debug|Any CPU.Build.0 = Debug|Any CPU
		{72C720F5-C947-4908-9ABC-BF9CB0A55725}.Release|Any CPU.ActiveCfg = Release|Any CPU
		{72C720F5-C947-4908-9ABC-BF9CB0A55725}.Release|Any CPU.Build.0 = Release|Any CPU
	EndGlobalSection
	GlobalSection(SolutionProperties) = preSolution
		HideSolutionNode = FALSE
	EndGlobalSection
	GlobalSection(ExtensibilityGlobals) = postSolution
		SolutionGuid = {2735021F-FCC8-4E46-881C-1CC49FBEFEA5}
	EndGlobalSection
EndGlobal
